
Microsoft Visual Studio Solution File, Format Version 11.00
# Visual Studio 2010
Project("{FAE04EC0-301F-11D3-BF4B-00C04F79EFBC}") = "BMSYSTEM", "BMSYSTEM\BMSYSTEM.csproj", "{885970D7-8066-4394-8A51-54390F6EB21C}"
	ProjectSection(ProjectDependencies) = postProject
		{E8AEF92E-A28B-4A55-825C-B771443079EF} = {E8AEF92E-A28B-4A55-825C-B771443079EF}
		{F19C6440-2346-4CB4-9E3F-B7F2C60F5037} = {F19C6440-2346-4CB4-9E3F-B7F2C60F5037}
		{3631857E-C4FE-4EFD-AF18-0DC69A0F5378} = {3631857E-C4FE-4EFD-AF18-0DC69A0F5378}
		{33BDCACE-6227-4C5C-B1EC-29664C3B05F0} = {33BDCACE-6227-4C5C-B1EC-29664C3B05F0}
	EndProjectSection
EndProject
Project("{FAE04EC0-301F-11D3-BF4B-00C04F79EFBC}") = "MODEL", "MODEL\MODEL.csproj", "{33BDCACE-6227-4C5C-B1EC-29664C3B05F0}"
EndProject
Project("{FAE04EC0-301F-11D3-BF4B-00C04F79EFBC}") = "BIKEBLL", "BIKEBLL\BIKEBLL.csproj", "{3631857E-C4FE-4EFD-AF18-0DC69A0F5378}"
	ProjectSection(ProjectDependencies) = postProject
		{E8AEF92E-A28B-4A55-825C-B771443079EF} = {E8AEF92E-A28B-4A55-825C-B771443079EF}
		{33BDCACE-6227-4C5C-B1EC-29664C3B05F0} = {33BDCACE-6227-4C5C-B1EC-29664C3B05F0}
	EndProjectSection
EndProject
Project("{FAE04EC0-301F-11D3-BF4B-00C04F79EFBC}") = "BIKEDAL", "BIKEDAL\BIKEDAL.csproj", "{E8AEF92E-A28B-4A55-825C-B771443079EF}"
	ProjectSection(ProjectDependencies) = postProject
		{F19C6440-2346-4CB4-9E3F-B7F2C60F5037} = {F19C6440-2346-4CB4-9E3F-B7F2C60F5037}
		{33BDCACE-6227-4C5C-B1EC-29664C3B05F0} = {33BDCACE-6227-4C5C-B1EC-29664C3B05F0}
	EndProjectSection
EndProject
Project("{FAE04EC0-301F-11D3-BF4B-00C04F79EFBC}") = "BIKECOMMON", "BIKECOMMON\BIKECOMMON.csproj", "{F19C6440-2346-4CB4-9E3F-B7F2C60F5037}"
EndProject
Project("{54435603-DBB4-11D2-8724-00A0C9A8B90C}") = "Setup1", "Setup1\Setup1.vdproj", "{2F5957A8-F8D2-495D-9241-F9CBC8EA835C}"
EndProject
Global
	GlobalSection(SubversionScc) = preSolution
		Svn-Managed = True
		Manager = AnkhSVN - Subversion Support for Visual Studio
	EndGlobalSection
	GlobalSection(SolutionConfigurationPlatforms) = preSolution
		Debug|Any CPU = Debug|Any CPU
		Debug|Mixed Platforms = Debug|Mixed Platforms
		Debug|x86 = Debug|x86
		Release|Any CPU = Release|Any CPU
		Release|Mixed Platforms = Release|Mixed Platforms
		Release|x86 = Release|x86
	EndGlobalSection
	GlobalSection(ProjectConfigurationPlatforms) = postSolution
		{885970D7-8066-4394-8A51-54390F6EB21C}.Debug|Any CPU.ActiveCfg = Debug|x86
		{885970D7-8066-4394-8A51-54390F6EB21C}.Debug|Mixed Platforms.ActiveCfg = Debug|x86
		{885970D7-8066-4394-8A51-54390F6EB21C}.Debug|Mixed Platforms.Build.0 = Debug|x86
		{885970D7-8066-4394-8A51-54390F6EB21C}.Debug|x86.ActiveCfg = Debug|x86
		{885970D7-8066-4394-8A51-54390F6EB21C}.Debug|x86.Build.0 = Debug|x86
		{885970D7-8066-4394-8A51-54390F6EB21C}.Release|Any CPU.ActiveCfg = Release|x86
		{885970D7-8066-4394-8A51-54390F6EB21C}.Release|Mixed Platforms.ActiveCfg = Release|x86
		{885970D7-8066-4394-8A51-54390F6EB21C}.Release|Mixed Platforms.Build.0 = Release|x86
		{885970D7-8066-4394-8A51-54390F6EB21C}.Release|x86.ActiveCfg = Release|x86
		{885970D7-8066-4394-8A51-54390F6EB21C}.Release|x86.Build.0 = Release|x86
		{33BDCACE-6227-4C5C-B1EC-29664C3B05F0}.Debug|Any CPU.ActiveCfg = Debug|Any CPU
		{33BDCACE-6227-4C5C-B1EC-29664C3B05F0}.Debug|Any CPU.Build.0 = Debug|Any CPU
		{33BDCACE-6227-4C5C-B1EC-29664C3B05F0}.Debug|Mixed Platforms.ActiveCfg = Debug|Any CPU
		{33BDCACE-6227-4C5C-B1EC-29664C3B05F0}.Debug|Mixed Platforms.Build.0 = Debug|Any CPU
		{33BDCACE-6227-4C5C-B1EC-29664C3B05F0}.Debug|x86.ActiveCfg = Debug|Any CPU
		{33BDCACE-6227-4C5C-B1EC-29664C3B05F0}.Release|Any CPU.ActiveCfg = Release|Any CPU
		{33BDCACE-6227-4C5C-B1EC-29664C3B05F0}.Release|Any CPU.Build.0 = Release|Any CPU
		{33BDCACE-6227-4C5C-B1EC-29664C3B05F0}.Release|Mixed Platforms.ActiveCfg = Release|Any CPU
		{33BDCACE-6227-4C5C-B1EC-29664C3B05F0}.Release|Mixed Platforms.Build.0 = Release|Any CPU
		{33BDCACE-6227-4C5C-B1EC-29664C3B05F0}.Release|x86.ActiveCfg = Release|Any CPU
		{3631857E-C4FE-4EFD-AF18-0DC69A0F5378}.Debug|Any CPU.ActiveCfg = Debug|Any CPU
		{3631857E-C4FE-4EFD-AF18-0DC69A0F5378}.Debug|Any CPU.Build.0 = Debug|Any CPU
		{3631857E-C4FE-4EFD-AF18-0DC69A0F5378}.Debug|Mixed Platforms.ActiveCfg = Debug|Any CPU
		{3631857E-C4FE-4EFD-AF18-0DC69A0F5378}.Debug|Mixed Platforms.Build.0 = Debug|Any CPU
		{3631857E-C4FE-4EFD-AF18-0DC69A0F5378}.Debug|x86.ActiveCfg = Debug|Any CPU
		{3631857E-C4FE-4EFD-AF18-0DC69A0F5378}.Release|Any CPU.ActiveCfg = Release|Any CPU
		{3631857E-C4FE-4EFD-AF18-0DC69A0F5378}.Release|Any CPU.Build.0 = Release|Any CPU
		{3631857E-C4FE-4EFD-AF18-0DC69A0F5378}.Release|Mixed Platforms.ActiveCfg = Release|Any CPU
		{3631857E-C4FE-4EFD-AF18-0DC69A0F5378}.Release|Mixed Platforms.Build.0 = Release|Any CPU
		{3631857E-C4FE-4EFD-AF18-0DC69A0F5378}.Release|x86.ActiveCfg = Release|Any CPU
		{E8AEF92E-A28B-4A55-825C-B771443079EF}.Debug|Any CPU.ActiveCfg = Debug|Any CPU
		{E8AEF92E-A28B-4A55-825C-B771443079EF}.Debug|Any CPU.Build.0 = Debug|Any CPU
		{E8AEF92E-A28B-4A55-825C-B771443079EF}.Debug|Mixed Platforms.ActiveCfg = Debug|Any CPU
		{E8AEF92E-A28B-4A55-825C-B771443079EF}.Debug|Mixed Platforms.Build.0 = Debug|Any CPU
		{E8AEF92E-A28B-4A55-825C-B771443079EF}.Debug|x86.ActiveCfg = Debug|Any CPU
		{E8AEF92E-A28B-4A55-825C-B771443079EF}.Release|Any CPU.ActiveCfg = Release|Any CPU
		{E8AEF92E-A28B-4A55-825C-B771443079EF}.Release|Any CPU.Build.0 = Release|Any CPU
		{E8AEF92E-A28B-4A55-825C-B771443079EF}.Release|Mixed Platforms.ActiveCfg = Release|Any CPU
		{E8AEF92E-A28B-4A55-825C-B771443079EF}.Release|Mixed Platforms.Build.0 = Release|Any CPU
		{E8AEF92E-A28B-4A55-825C-B771443079EF}.Release|x86.ActiveCfg = Release|Any CPU
		{F19C6440-2346-4CB4-9E3F-B7F2C60F5037}.Debug|Any CPU.ActiveCfg = Debug|Any CPU
		{F19C6440-2346-4CB4-9E3F-B7F2C60F5037}.Debug|Any CPU.Build.0 = Debug|Any CPU
		{F19C6440-2346-4CB4-9E3F-B7F2C60F5037}.Debug|Mixed Platforms.ActiveCfg = Debug|Any CPU
		{F19C6440-2346-4CB4-9E3F-B7F2C60F5037}.Debug|Mixed Platforms.Build.0 = Debug|Any CPU
		{F19C6440-2346-4CB4-9E3F-B7F2C60F5037}.Debug|x86.ActiveCfg = Debug|Any CPU
		{F19C6440-2346-4CB4-9E3F-B7F2C60F5037}.Release|Any CPU.ActiveCfg = Release|Any CPU
		{F19C6440-2346-4CB4-9E3F-B7F2C60F5037}.Release|Any CPU.Build.0 = Release|Any CPU
		{F19C6440-2346-4CB4-9E3F-B7F2C60F5037}.Release|Mixed Platforms.ActiveCfg = Release|Any CPU
		{F19C6440-2346-4CB4-9E3F-B7F2C60F5037}.Release|Mixed Platforms.Build.0 = Release|Any CPU
		{F19C6440-2346-4CB4-9E3F-B7F2C60F5037}.Release|x86.ActiveCfg = Release|Any CPU
		{2F5957A8-F8D2-495D-9241-F9CBC8EA835C}.Debug|Any CPU.ActiveCfg = Debug
		{2F5957A8-F8D2-495D-9241-F9CBC8EA835C}.Debug|Mixed Platforms.ActiveCfg = Debug
		{2F5957A8-F8D2-495D-9241-F9CBC8EA835C}.Debug|x86.ActiveCfg = Debug
		{2F5957A8-F8D2-495D-9241-F9CBC8EA835C}.Release|Any CPU.ActiveCfg = Release
		{2F5957A8-F8D2-495D-9241-F9CBC8EA835C}.Release|Mixed Platforms.ActiveCfg = Release
		{2F5957A8-F8D2-495D-9241-F9CBC8EA835C}.Release|x86.ActiveCfg = Release
	EndGlobalSection
	GlobalSection(SolutionProperties) = preSolution
		HideSolutionNode = FALSE
	EndGlobalSection
EndGlobal
